lockfileVersion: '9.0'

settings:
  autoInstallPeers: true
  excludeLinksFromLockfile: false

importers:

  .:
    dependencies:
      '@opentelemetry/api':
        specifier: ^1.9.0
        version: 1.9.1
      '@superbuilders/errors':
        specifier: ^3.0.2
        version: 3.0.2(typescript@6.0.3)
    devDependencies:
      '@types/node':
        specifier: ^26.1.0
        version: 26.1.0
      '@typescript/native-preview':
        specifier: ^7.0.0-dev.20260612.1
        version: 7.0.0-dev.20260701.1
      pino:
        specifier: ^10.3.1
        version: 10.3.1
      typescript:
        specifier: ^6.0.3
        version: 6.0.3

packages:

  '@biomejs/biome@2.5.2':
    resolution: {integrity: sha512-VQ3RCqr7JmDIX+w6stWYl+g/3bYofN3q2wDBHUKKc/c7i5QWrFKFBZYCYPWTE6agsUPMIZZe6/CMmVUfUAhkKA==}
    engines: {node: '>=14.21.3'}
    hasBin: true

  '@biomejs/cli-darwin-arm64@2.5.2':
    resolution: {integrity: sha512-e7P3P7EkwFc/KiX2AHw4YDLIBOMfG9CPCAwy52k5Bp0dfhkozx9hf6wCmIr2QeXy2XeccJ3V/Sg+hDmzYEqxSg==}
    engines: {node: '>=14.21.3'}
    cpu: [arm64]
    os: [darwin]

  '@biomejs/cli-darwin-x64@2.5.2':
    resolution: {integrity: sha512-ymzMvjC1Jg0b9K0D26ZdARqFQXs7MocfLC5FOCGfkC0Ss+ACUJkX5364ZM5nT4NLZanHRZNVrZEy+Ibwcvux/g==}
    engines: {node: '>=14.21.3'}
    cpu: [x64]
    os: [darwin]

  '@biomejs/cli-linux-arm64-musl@2.5.2':
    resolution: {integrity: sha512-w+ANG0ZvTu9IeEg9QnstoOnk6L0fpwJifW6aHR18+cb5Z39bkANItYjAfMrnvce5tmMK+IQ6nPX7/kQFdam5iw==}
    engines: {node: '>=14.21.3'}
    cpu: [arm64]
    os: [linux]
    libc: [musl]

  '@biomejs/cli-linux-arm64@2.5.2':
    resolution: {integrity: sha512-t7sseOmqND57uUWTwlawU6BYj+J06T/9EkydzBhkrgw/FK3QVhjU2wsJR0frljrKZ0/I8A/rYw7284QgqjQfIQ==}
    engines: {node: '>=14.21.3'}
    cpu: [arm64]
    os: [linux]
    libc: [glibc]

  '@biomejs/cli-linux-x64-musl@2.5.2':
    resolution: {integrity: sha512-VArNLAzND063tF+XY0yPyM+DyahpzOMzOAvb7qs259nhjJWRjvjZdssuA+Rfl+l07+NOesKZ0Xu2yFrXyBMtzw==}
    engines: {node: '>=14.21.3'}
    cpu: [x64]
    os: [linux]
    libc: [musl]

  '@biomejs/cli-linux-x64@2.5.2':
    resolution: {integrity: sha512-M/lOZrewzTCRDINbjhQ1gYYru37KlD3kJBQwwKCG0ckz5E9IZwIoJ3X0wBwRXA+yBDIwWUuPBHS67HzJY4dTfA==}
    engines: {node: '>=14.21.3'}
    cpu: [x64]
    os: [linux]
    libc: [glibc]

  '@biomejs/cli-win32-arm64@2.5.2':
    resolution: {integrity: sha512-kbjFFKyZlzYnAuw7sRy5qDoFG6zrP40UK08oPQsWK0ct3NMnGSt+Bs1iviEEyEIP57N5MrykGXdO/wRiaR4lww==}
    engines: {node: '>=14.21.3'}
    cpu: [arm64]
    os: [win32]

  '@biomejs/cli-win32-x64@2.5.2':
    resolution: {integrity: sha512-4InchVpdVmdkkkgjQqKpgvyu+VPnoF/7RPSw5YATgEVpt2j72wcCAeV5TwaE9ZGJUZWZn7v2CwSAj6CrMJEx8A==}
    engines: {node: '>=14.21.3'}
    cpu: [x64]
    os: [win32]

  '@opentelemetry/api@1.9.1':
    resolution: {integrity: sha512-gLyJlPHPZYdAk1JENA9LeHejZe1Ti77/pTeFm/nMXmQH/HFZlcS/O2XJB+L8fkbrNSqhdtlvjBVjxwUYanNH5Q==}
    engines: {node: '>=8.0.0'}

  '@pinojs/redact@0.4.0':
    resolution: {integrity: sha512-k2ENnmBugE/rzQfEcdWHcCY+/FM3VLzH9cYEsbdsoqrvzAKRhUZeRNhAZvB8OitQJ1TBed3yqWtdjzS6wJKBwg==}

  '@superbuilders/errors@3.0.2':
    resolution: {integrity: sha512-bcEuxzaWr5nZvqttrHlg1LOvIusdSjblxYEs5BiSWHQEgJqbvxm3qaLCUfKDjgFIxSSsLxkU28s/XWqRciK6ng==}
    engines: {node: '>=18'}
    peerDependencies:
      typescript: ^5.8.3

  '@types/node@26.1.0':
    resolution: {integrity: sha512-O0A1G3xPGy4w7AgQdAQYUlQ+BKk2Oovw8eRpofyp5KdBZULnbe+WqaOVNrm705SHphCiG4XHsACrSmPu1f+Kgw==}

  '@typescript/native-preview-darwin-arm64@7.0.0-dev.20260701.1':
    resolution: {integrity: sha512-rm3v+3Mcrj91NPwG0mjaLfbJjydCDX/skF82cQw0K6XWsEK7wHmpLEF1xPOWGnV05RhTYJac9VoKUjgcADkbXA==}
    engines: {node: '>=16.20.0'}
    cpu: [arm64]
    os: [darwin]

  '@typescript/native-preview-darwin-x64@7.0.0-dev.20260701.1':
    resolution: {integrity: sha512-jtbtV3A+cmkmDuqs56Qj3Hb+NmOAMHFX+FTLhCagJybjsng1lOl1h8vYaYg3F6EMgSiZI66hIpB9TMi3n8jFEw==}
    engines: {node: '>=16.20.0'}
    cpu: [x64]
    os: [darwin]

  '@typescript/native-preview-linux-arm64@7.0.0-dev.20260701.1':
    resolution: {integrity: sha512-SPEfXZhCRff6kPYrqJIkKkKBy1rxPk0Wmam7U0AOuMQtXTNPmqCtx54J/F6nfGR89ATTDTDr69MujFAG+lFQVg==}
    engines: {node: '>=16.20.0'}
    cpu: [arm64]
    os: [linux]

  '@typescript/native-preview-linux-arm@7.0.0-dev.20260701.1':
    resolution: {integrity: sha512-c22PWjLMecd2xsAZRlpC1mnr8GZUjnFS32URPd2NhKOEx/6Dp7bPZvI+7NNXDXTew/fkgAaZvhLTWHGG64gqGw==}
    engines: {node: '>=16.20.0'}
    cpu: [arm]
    os: [linux]

  '@typescript/native-preview-linux-x64@7.0.0-dev.20260701.1':
    resolution: {integrity: sha512-Y9NX6qGOCQD4zdCXJCABB8TL3IkFsWVlwMQ3OGtQ8A/OzyIFN01QyHWFgB5AJFZQoasryb+nnhu9r2IY5KpBwA==}
    engines: {node: '>=16.20.0'}
    cpu: [x64]
    os: [linux]

  '@typescript/native-preview-win32-arm64@7.0.0-dev.20260701.1':
    resolution: {integrity: sha512-7IRD34O2Kp7mIplQEC/HgLyehmKL1FGlTYhlAqxxZfKhSt694yytd2dCCnxMMA/aPHjcqBke04wNPOOhQ2ezcA==}
    engines: {node: '>=16.20.0'}
    cpu: [arm64]
    os: [win32]

  '@typescript/native-preview-win32-x64@7.0.0-dev.20260701.1':
    resolution: {integrity: sha512-zVfayHxvFZAQ0hJbegDcfhJamyQpLn6ahMDATAra+EkA3+/nbTW3VjCJ3h1V2PSNTY9rTPzGroFURV5cvErh3A==}
    engines: {node: '>=16.20.0'}
    cpu: [x64]
    os: [win32]

  '@typescript/native-preview@7.0.0-dev.20260701.1':
    resolution: {integrity: sha512-eXPtWsAj0s06kHWVDlBj7ABwoyNDHuW2gCbQ+bYGlyymDYteiAydelhyhyzUsenzGraPLdd/OPwEUB8/KUdpBw==}
    engines: {node: '>=16.20.0'}
    hasBin: true

  atomic-sleep@1.0.0:
    resolution: {integrity: sha512-kNOjDqAh7px0XWNI+4QbzoiR/nTkHAWNud2uvnJquD1/x5a7EQZMJT0AczqK0Qn67oY/TTQ1LbUKajZpp3I9tQ==}
    engines: {node: '>=8.0.0'}

  on-exit-leak-free@2.1.2:
    resolution: {integrity: sha512-0eJJY6hXLGf1udHwfNftBqH+g73EU4B504nZeKpz1sYRKafAghwxEJunB2O7rDZkL4PGfsMVnTXZ2EjibbqcsA==}
    engines: {node: '>=14.0.0'}

  pino-abstract-transport@3.0.0:
    resolution: {integrity: sha512-wlfUczU+n7Hy/Ha5j9a/gZNy7We5+cXp8YL+X+PG8S0KXxw7n/JXA3c46Y0zQznIJ83URJiwy7Lh56WLokNuxg==}

  pino-std-serializers@7.1.0:
    resolution: {integrity: sha512-BndPH67/JxGExRgiX1dX0w1FvZck5Wa4aal9198SrRhZjH3GxKQUKIBnYJTdj2HDN3UQAS06HlfcSbQj2OHmaw==}

  pino@10.3.1:
    resolution: {integrity: sha512-r34yH/GlQpKZbU1BvFFqOjhISRo1MNx1tWYsYvmj6KIRHSPMT2+yHOEb1SG6NMvRoHRF0a07kCOox/9yakl1vg==}
    hasBin: true

  process-warning@5.0.0:
    resolution: {integrity: sha512-a39t9ApHNx2L4+HBnQKqxxHNs1r7KF+Intd8Q/g1bUh6q0WIp9voPXJ/x0j+ZL45KF1pJd9+q2jLIRMfvEshkA==}

  quick-format-unescaped@4.0.4:
    resolution: {integrity: sha512-tYC1Q1hgyRuHgloV/YXs2w15unPVh8qfu/qCTfhTYamaw7fyhumKa2yGpdSo87vY32rIclj+4fWYQXUMs9EHvg==}

  real-require@0.2.0:
    resolution: {integrity: sha512-57frrGM/OCTLqLOAh0mhVA9VBMHd+9U7Zb2THMGdBUoZVOtGbJzjxsYGDJ3A9AYYCP4hn6y1TVbaOfzWtm5GFg==}
    engines: {node: '>= 12.13.0'}

  real-require@1.0.0:
    resolution: {integrity: sha512-P4nbQYQfePJxRSmY+v/KINxVucm4NF3p3s7pJveMTtom52FR4YGltUQLB8idDXwDDWW+eYrWDFbuzUnjoWHF7g==}

  safe-stable-stringify@2.5.0:
    resolution: {integrity: sha512-b3rppTKm9T+PsVCBEOUR46GWI7fdOs00VKZ1+9c1EWDaDMvjQc6tUwuFyIprgGgTcWoVHSKrU8H31ZHA2e0RHA==}
    engines: {node: '>=10'}

  sonic-boom@4.2.1:
    resolution: {integrity: sha512-w6AxtubXa2wTXAUsZMMWERrsIRAdrK0Sc+FUytWvYAhBJLyuI4llrMIC1DtlNSdI99EI86KZum2MMq3EAZlF9Q==}

  split2@4.2.0:
    resolution: {integrity: sha512-UcjcJOWknrNkF6PLX83qcHM6KHgVKNkV62Y8a5uYDVv9ydGQVwAHMKqHdJje1VTWpljG0WYpCDhrCdAOYH4TWg==}
    engines: {node: '>= 10.x'}

  thread-stream@4.2.0:
    resolution: {integrity: sha512-e2zZ96wSChazBsbENf/Pcm/4swHt2cEKQ92rhUjkL9GCKiTDJIaTBenjE/m9DXi0QBmTMDkFDdOomUy20A1tDQ==}
    engines: {node: '>=20'}

  typescript@6.0.3:
    resolution: {integrity: sha512-y2TvuxSZPDyQakkFRPZHKFm+KKVqIisdg9/CZwm9ftvKXLP8NRWj38/ODjNbr43SsoXqNuAisEf1GdCxqWcdBw==}
    engines: {node: '>=14.17'}
    hasBin: true

  undici-types@8.3.0:
    resolution: {integrity: sha512-j375ScV60dom+YkPFIfTLcOiPxkN/buHz5GobjLhixFuANaNs3C9l4GmrWqejgXWJ7BbJcFYpTEUkS1Ge8bpZQ==}

snapshots:

  '@biomejs/biome@2.5.2':
    optionalDependencies:
      '@biomejs/cli-darwin-arm64': 2.5.2
      '@biomejs/cli-darwin-x64': 2.5.2
      '@biomejs/cli-linux-arm64': 2.5.2
      '@biomejs/cli-linux-arm64-musl': 2.5.2
      '@biomejs/cli-linux-x64': 2.5.2
      '@biomejs/cli-linux-x64-musl': 2.5.2
      '@biomejs/cli-win32-arm64': 2.5.2
      '@biomejs/cli-win32-x64': 2.5.2

  '@biomejs/cli-darwin-arm64@2.5.2':
    optional: true

  '@biomejs/cli-darwin-x64@2.5.2':
    optional: true

  '@biomejs/cli-linux-arm64-musl@2.5.2':
    optional: true

  '@biomejs/cli-linux-arm64@2.5.2':
    optional: true

  '@biomejs/cli-linux-x64-musl@2.5.2':
    optional: true

  '@biomejs/cli-linux-x64@2.5.2':
    optional: true

  '@biomejs/cli-win32-arm64@2.5.2':
    optional: true

  '@biomejs/cli-win32-x64@2.5.2':
    optional: true

  '@opentelemetry/api@1.9.1': {}

  '@pinojs/redact@0.4.0': {}

  '@superbuilders/errors@3.0.2(typescript@6.0.3)':
    dependencies:
      '@biomejs/biome': 2.5.2
      typescript: 6.0.3

  '@types/node@26.1.0':
    dependencies:
      undici-types: 8.3.0

  '@typescript/native-preview-darwin-arm64@7.0.0-dev.20260701.1':
    optional: true

  '@typescript/native-preview-darwin-x64@7.0.0-dev.20260701.1':
    optional: true

  '@typescript/native-preview-linux-arm64@7.0.0-dev.20260701.1':
    optional: true

  '@typescript/native-preview-linux-arm@7.0.0-dev.20260701.1':
    optional: true

  '@typescript/native-preview-linux-x64@7.0.0-dev.20260701.1':
    optional: true

  '@typescript/native-preview-win32-arm64@7.0.0-dev.20260701.1':
    optional: true

  '@typescript/native-preview-win32-x64@7.0.0-dev.20260701.1':
    optional: true

  '@typescript/native-preview@7.0.0-dev.20260701.1':
    optionalDependencies:
      '@typescript/native-preview-darwin-arm64': 7.0.0-dev.20260701.1
      '@typescript/native-preview-darwin-x64': 7.0.0-dev.20260701.1
      '@typescript/native-preview-linux-arm': 7.0.0-dev.20260701.1
      '@typescript/native-preview-linux-arm64': 7.0.0-dev.20260701.1
      '@typescript/native-preview-linux-x64': 7.0.0-dev.20260701.1
      '@typescript/native-preview-win32-arm64': 7.0.0-dev.20260701.1
      '@typescript/native-preview-win32-x64': 7.0.0-dev.20260701.1

  atomic-sleep@1.0.0: {}

  on-exit-leak-free@2.1.2: {}

  pino-abstract-transport@3.0.0:
    dependencies:
      split2: 4.2.0

  pino-std-serializers@7.1.0: {}

  pino@10.3.1:
    dependencies:
      '@pinojs/redact': 0.4.0
      atomic-sleep: 1.0.0
      on-exit-leak-free: 2.1.2
      pino-abstract-transport: 3.0.0
      pino-std-serializers: 7.1.0
      process-warning: 5.0.0
      quick-format-unescaped: 4.0.4
      real-require: 0.2.0
      safe-stable-stringify: 2.5.0
      sonic-boom: 4.2.1
      thread-stream: 4.2.0

  process-warning@5.0.0: {}

  quick-format-unescaped@4.0.4: {}

  real-require@0.2.0: {}

  real-require@1.0.0: {}

  safe-stable-stringify@2.5.0: {}

  sonic-boom@4.2.1:
    dependencies:
      atomic-sleep: 1.0.0

  split2@4.2.0: {}

  thread-stream@4.2.0:
    dependencies:
      real-require: 1.0.0

  typescript@6.0.3: {}

  undici-types@8.3.0: {}
